// !$*UTF8*$!
{
	archiveVersion = 1;
	classes = {
	};
	objectVersion = 46;
	objects = {

/* Begin PBXBuildFile section */
		FCE50C041E99891E00CE20A8 /* AppDelegate.swift in Sources */ = {isa = PBXBuildFile; fileRef = FCE50C031E99891E00CE20A8 /* AppDelegate.swift */; };
		FCE50C061E99891E00CE20A8 /* ViewController.swift in Sources */ = {isa = PBXBuildFile; fileRef = FCE50C051E99891E00CE20A8 /* ViewController.swift */; };
		FCE50C091E99891E00CE20A8 /* Main.storyboard in Resources */ = {isa = PBXBuildFile; fileRef = FCE50C071E99891E00CE20A8 /* Main.storyboard */; };
		FCE50C0C1E99891E00CE20A8 /* Stacked.xcdatamodeld in Sources */ = {isa = PBXBuildFile; fileRef = FCE50C0A1E99891E00CE20A8 /* Stacked.xcdatamodeld */; };
		FCE50C0E1E99891E00CE20A8 /* Assets.xcassets in Resources */ = {isa = PBXBuildFile; fileRef = FCE50C0D1E99891E00CE20A8 /* Assets.xcassets */; };
		FCE50C111E99891E00CE20A8 /* LaunchScreen.storyboard in Resources */ = {isa = PBXBuildFile; fileRef = FCE50C0F1E99891E00CE20A8 /* LaunchScreen.storyboard */; };
		FCE50C1C1E99891E00CE20A8 /* StackedTests.swift in Sources */ = {isa = PBXBuildFile; fileRef = FCE50C1B1E99891E00CE20A8 /* StackedTests.swift */; };
		FCE50C271E99891E00CE20A8 /* StackedUITests.swift in Sources */ = {isa = PBXBuildFile; fileRef = FCE50C261E99891E00CE20A8 /* StackedUITests.swift */; };
/* End PBXBuildFile section */

/* Begin PBXContainerItemProxy section */
		FCE50C181E99891E00CE20A8 /* PBXContainerItemProxy */ = {
			isa = PBXContainerItemProxy;
			containerPortal = FCE50BF81E99891E00CE20A8 /* Project object */;
			proxyType = 1;
			remoteGlobalIDString = FCE50BFF1E99891E00CE20A8;
			remoteInfo = Stacked;
		};
		FCE50C231E99891E00CE20A8 /* PBXContainerItemProxy */ = {
			isa = PBXContainerItemProxy;
			containerPortal = FCE50BF81E99891E00CE20A8 /* Project object */;
			proxyType = 1;
			remoteGlobalIDString = FCE50BFF1E99891E00CE20A8;
			remoteInfo = Stacked;
		};
/* End PBXContainerItemProxy section */

/* Begin PBXFileReference section */
		FCE50C001E99891E00CE20A8 /* Stacked.app */ = {isa = PBXFileReference; explicitFileType = wrapper.application; includeInIndex = 0; path = Stacked.app; sourceTree = BUILT_PRODUCTS_DIR; };
		FCE50C031E99891E00CE20A8 /* AppDelegate.swift */ = {isa = PBXFileReference; lastKnownFileType = sourcecode.swift; path = AppDelegate.swift; sourceTree = "<group>"; };
		FCE50C051E99891E00CE20A8 /* ViewController.swift */ = {isa = PBXFileReference; lastKnownFileType = sourcecode.swift; path = ViewController.swift; sourceTree = "<group>"; };
		FCE50C081E99891E00CE20A8 /* Base */ = {isa = PBXFileReference; lastKnownFileType = file.storyboard; name = Base; path = Base.lproj/Main.storyboard; sourceTree = "<group>"; };
		FCE50C0B1E99891E00CE20A8 /* Stacked.xcdatamodel */ = {isa = PBXFileReference; lastKnownFileType = wrapper.xcdatamodel; path = Stacked.xcdatamodel; sourceTree = "<group>"; };
		FCE50C0D1E99891E00CE20A8 /* Assets.xcassets */ = {isa = PBXFileReference; lastKnownFileType = folder.assetcatalog; path = Assets.xcassets; sourceTree = "<group>"; };
		FCE50C101E99891E00CE20A8 /* Base */ = {isa = PBXFileReference; lastKnownFileType = file.storyboard; name = Base; path = Base.lproj/LaunchScreen.storyboard; sourceTree = "<group>"; };
		FCE50C121E99891E00CE20A8 /* Info.plist */ = {isa = PBXFileReference; lastKnownFileType = text.plist.xml; path = Info.plist; sourceTree = "<group>"; };
		FCE50C171E99891E00CE20A8 /* StackedTests.xctest */ = {isa = PBXFileReference; explicitFileType = wrapper.cfbundle; includeInIndex = 0; path = StackedTests.xctest; sourceTree = BUILT_PRODUCTS_DIR; };
		FCE50C1B1E99891E00CE20A8 /* StackedTests.swift */ = {isa = PBXFileReference; lastKnownFileType = sourcecode.swift; path = StackedTests.swift; sourceTree = "<group>"; };
		FCE50C1D1E99891E00CE20A8 /* Info.plist */ = {isa = PBXFileReference; lastKnownFileType = text.plist.xml; path = Info.plist; sourceTree = "<group>"; };
		FCE50C221E99891E00CE20A8 /* StackedUITests.xctest */ = {isa = PBXFileReference; explicitFileType = wrapper.cfbundle; includeInIndex = 0; path = StackedUITests.xctest; sourceTree = BUILT_PRODUCTS_DIR; };
		FCE50C261E99891E00CE20A8 /* StackedUITests.swift */ = {isa = PBXFileReference; lastKnownFileType = sourcecode.swift; path = StackedUITests.swift; sourceTree = "<group>"; };
		FCE50C281E99891E00CE20A8 /* Info.plist */ = {isa = PBXFileReference; lastKnownFileType = text.plist.xml; path = Info.plist; sourceTree = "<group>"; };
/* End PBXFileReference section */

/* Begin PBXFrameworksBuildPhase section */
		FCE50BFD1E99891E00CE20A8 /* Frameworks */ = {
			isa = PBXFrameworksBuildPhase;
			buildActionMask = 2147483647;
			files = (
			);
			runOnlyForDeploymentPostprocessing = 0;
		};
		FCE50C141E99891E00CE20A8 /* Frameworks */ = {
			isa = PBXFrameworksBuildPhase;
			buildActionMask = 2147483647;
			files = (
			);
			runOnlyForDeploymentPostprocessing = 0;
		};
		FCE50C1F1E99891E00CE20A8 /* Frameworks */ = {
			isa = PBXFrameworksBuildPhase;
			buildActionMask = 2147483647;
			files = (
			);
			runOnlyForDeploymentPostprocessing = 0;
		};
/* End PBXFrameworksBuildPhase section */

/* Begin PBXGroup section */
		FCE50BF71E99891E00CE20A8 = {
			isa = PBXGroup;
			children = (
				FCE50C021E99891E00CE20A8 /* Stacked */,
				FCE50C1A1E99891E00CE20A8 /* StackedTests */,
				FCE50C251E99891E00CE20A8 /* StackedUITests */,
				FCE50C011E99891E00CE20A8 /* Products */,
			);
			sourceTree = "<group>";
		};
		FCE50C011E99891E00CE20A8 /* Products */ = {
			isa = PBXGroup;
			children = (
				FCE50C001E99891E00CE20A8 /* Stacked.app */,
				FCE50C171E99891E00CE20A8 /* StackedTests.xctest */,
				FCE50C221E99891E00CE20A8 /* StackedUITests.xctest */,
			);
			name = Products;
			sourceTree = "<group>";
		};
		FCE50C021E99891E00CE20A8 /* Stacked */ = {
			isa = PBXGroup;
			children = (
				FCE50C031E99891E00CE20A8 /* AppDelegate.swift */,
				FCE50C051E99891E00CE20A8 /* ViewController.swift */,
				FCE50C071E99891E00CE20A8 /* Main.storyboard */,
				FCE50C0D1E99891E00CE20A8 /* Assets.xcassets */,
				FCE50C0F1E99891E00CE20A8 /* LaunchScreen.storyboard */,
				FCE50C121E99891E00CE20A8 /* Info.plist */,
				FCE50C0A1E99891E00CE20A8 /* Stacked.xcdatamodeld */,
			);
			path = Stacked;
			sourceTree = "<group>";
		};
		FCE50C1A1E99891E00CE20A8 /* StackedTests */ = {
			isa = PBXGroup;
			children = (
				FCE50C1B1E99891E00CE20A8 /* StackedTests.swift */,
				FCE50C1D1E99891E00CE20A8 /* Info.plist */,
			);
			path = StackedTests;
			sourceTree = "<group>";
		};
		FCE50C251E99891E00CE20A8 /* StackedUITests */ = {
			isa = PBXGroup;
			children = (
				FCE50C261E99891E00CE20A8 /* StackedUITests.swift */,
				FCE50C281E99891E00CE20A8 /* Info.plist */,
			);
			path = StackedUITests;
			sourceTree = "<group>";
		};
/* End PBXGroup section */

/* Begin PBXNativeTarget section */
		FCE50BFF1E99891E00CE20A8 /* Stacked */ = {
			isa = PBXNativeTarget;
			buildConfigurationList = FCE50C2B1E99891E00CE20A8 /* Build configuration list for PBXNativeTarget "Stacked" */;
			buildPhases = (
				FCE50BFC1E99891E00CE20A8 /* Sources */,
				FCE50BFD1E99891E00CE20A8 /* Frameworks */,
				FCE50BFE1E99891E00CE20A8 /* Resources */,
			);
			buildRules = (
			);
			dependencies = (
			);
			name = Stacked;
			productName = Stacked;
			productReference = FCE50C001E99891E00CE20A8 /* Stacked.app */;
			productType = "com.apple.product-type.application";
		};
		FCE50C161E99891E00CE20A8 /* StackedTests */ = {
			isa = PBXNativeTarget;
			buildConfigurationList = FCE50C2E1E99891E00CE20A8 /* Build configuration list for PBXNativeTarget "StackedTests" */;
			buildPhases = (
				FCE50C131E99891E00CE20A8 /* Sources */,
				FCE50C141E99891E00CE20A8 /* Frameworks */,
				FCE50C151E99891E00CE20A8 /* Resources */,
			);
			buildRules = (
			);
			dependencies = (
				FCE50C191E99891E00CE20A8 /* PBXTargetDependency */,
			);
			name = StackedTests;
			productName = StackedTests;
			productReference = FCE50C171E99891E00CE20A8 /* StackedTests.xctest */;
			productType = "com.apple.product-type.bundle.unit-test";
		};
		FCE50C211E99891E00CE20A8 /* StackedUITests */ = {
			isa = PBXNativeTarget;
			buildConfigurationList = FCE50C311E99891E00CE20A8 /* Build configuration list for PBXNativeTarget "StackedUITests" */;
			buildPhases = (
				FCE50C1E1E99891E00CE20A8 /* Sources */,
				FCE50C1F1E99891E00CE20A8 /* Frameworks */,
				FCE50C201E99891E00CE20A8 /* Resources */,
			);
			buildRules = (
			);
			dependencies = (
				FCE50C241E99891E00CE20A8 /* PBXTargetDependency */,
			);
			name = StackedUITests;
			productName = StackedUITests;
			productReference = FCE50C221E99891E00CE20A8 /* StackedUITests.xctest */;
			productType = "com.apple.product-type.bundle.ui-testing";
		};
/* End PBXNativeTarget section */

/* Begin PBXProject section */
		FCE50BF81E99891E00CE20A8 /* Project object */ = {
			isa = PBXProject;
			attributes = {
				LastSwiftUpdateCheck = 0820;
				LastUpgradeCheck = 0820;
				ORGANIZATIONNAME = Applifier;
				TargetAttributes = {
					FCE50BFF1E99891E00CE20A8 = {
						CreatedOnToolsVersion = 8.2.1;
						ProvisioningStyle = Automatic;
					};
					FCE50C161E99891E00CE20A8 = {
						CreatedOnToolsVersion = 8.2.1;
						ProvisioningStyle = Automatic;
						TestTargetID = FCE50BFF1E99891E00CE20A8;
					};
					FCE50C211E99891E00CE20A8 = {
						CreatedOnToolsVersion = 8.2.1;
						ProvisioningStyle = Automatic;
						TestTargetID = FCE50BFF1E99891E00CE20A8;
					};
				};
			};
			buildConfigurationList = FCE50BFB1E99891E00CE20A8 /* Build configuration list for PBXProject "Stacked" */;
			compatibilityVersion = "Xcode 3.2";
			developmentRegion = English;
			hasScannedForEncodings = 0;
			knownRegions = (
				en,
				Base,
			);
			mainGroup = FCE50BF71E99891E00CE20A8;
			productRefGroup = FCE50C011E99891E00CE20A8 /* Products */;
			projectDirPath = "";
			projectRoot = "";
			targets = (
				FCE50BFF1E99891E00CE20A8 /* Stacked */,
				FCE50C161E99891E00CE20A8 /* StackedTests */,
				FCE50C211E99891E00CE20A8 /* StackedUITests */,
			);
		};
/* End PBXProject section */

/* Begin PBXResourcesBuildPhase section */
		FCE50BFE1E99891E00CE20A8 /* Resources */ = {
			isa = PBXResourcesBuildPhase;
			buildActionMask = 2147483647;
			files = (
				FCE50C111E99891E00CE20A8 /* LaunchScreen.storyboard in Resources */,
				FCE50C0E1E99891E00CE20A8 /* Assets.xcassets in Resources */,
				FCE50C091E99891E00CE20A8 /* Main.storyboard in Resources */,
			);
			runOnlyForDeploymentPostprocessing = 0;
		};
		FCE50C151E99891E00CE20A8 /* Resources */ = {
			isa = PBXResourcesBuildPhase;
			buildActionMask = 2147483647;
			files = (
			);
			runOnlyForDeploymentPostprocessing = 0;
		};
		FCE50C201E99891E00CE20A8 /* Resources */ = {
			isa = PBXResourcesBuildPhase;
			buildActionMask = 2147483647;
			files = (
			);
			runOnlyForDeploymentPostprocessing = 0;
		};
/* End PBXResourcesBuildPhase section */

/* Begin PBXSourcesBuildPhase section */
		FCE50BFC1E99891E00CE20A8 /* Sources */ = {
			isa = PBXSourcesBuildPhase;
			buildActionMask = 2147483647;
			files = (
				FCE50C061E99891E00CE20A8 /* ViewController.swift in Sources */,
				FCE50C041E99891E00CE20A8 /* AppDelegate.swift in Sources */,
				FCE50C0C1E99891E00CE20A8 /* Stacked.xcdatamodeld in Sources */,
			);
			runOnlyForDeploymentPostprocessing = 0;
		};
		FCE50C131E99891E00CE20A8 /* Sources */ = {
			isa = PBXSourcesBuildPhase;
			buildActionMask = 2147483647;
			files = (
				FCE50C1C1E99891E00CE20A8 /* StackedTests.swift in Sources */,
			);
			runOnlyForDeploymentPostprocessing = 0;
		};
		FCE50C1E1E99891E00CE20A8 /* Sources */ = {
			isa = PBXSourcesBuildPhase;
			buildActionMask = 2147483647;
			files = (
				FCE50C271E99891E00CE20A8 /* StackedUITests.swift in Sources */,
			);
			runOnlyForDeploymentPostprocessing = 0;
		};
/* End PBXSourcesBuildPhase section */

/* Begin PBXTargetDependency section */
		FCE50C191E99891E00CE20A8 /* PBXTargetDependency */ = {
			isa = PBXTargetDependency;
			target = FCE50BFF1E99891E00CE20A8 /* Stacked */;
			targetProxy = FCE50C181E99891E00CE20A8 /* PBXContainerItemProxy */;
		};
		FCE50C241E99891E00CE20A8 /* PBXTargetDependency */ = {
			isa = PBXTargetDependency;
			target = FCE50BFF1E99891E00CE20A8 /* Stacked */;
			targetProxy = FCE50C231E99891E00CE20A8 /* PBXContainerItemProxy */;
		};
/* End PBXTargetDependency section */

/* Begin PBXVariantGroup section */
		FCE50C071E99891E00CE20A8 /* Main.storyboard */ = {
			isa = PBXVariantGroup;
			children = (
				FCE50C081E99891E00CE20A8 /* Base */,
			);
			name = Main.storyboard;
			sourceTree = "<group>";
		};
		FCE50C0F1E99891E00CE20A8 /* LaunchScreen.storyboard */ = {
			isa = PBXVariantGroup;
			children = (
				FCE50C101E99891E00CE20A8 /* Base */,
			);
			name = LaunchScreen.storyboard;
			sourceTree = "<group>";
		};
/* End PBXVariantGroup section */

/* Begin XCBuildConfiguration section */
		FCE50C291E99891E00CE20A8 /* Debug */ = {
			isa = XCBuildConfiguration;
			buildSettings = {
				ALWAYS_SEARCH_USER_PATHS = NO;
				CLANG_ANALYZER_NONNULL = YES;
				CLANG_CXX_LANGUAGE_STANDARD = "gnu++0x";
				CLANG_CXX_LIBRARY = "libc++";
				CLANG_ENABLE_MODULES = YES;
				CLANG_ENABLE_OBJC_ARC = YES;
				CLANG_WARN_BOOL_CONVERSION = YES;
				CLANG_WARN_CONSTANT_CONVERSION = YES;
				CLANG_WARN_DIRECT_OBJC_ISA_USAGE = YES_ERROR;
				CLANG_WARN_DOCUMENTATION_COMMENTS = YES;
				CLANG_WARN_EMPTY_BODY = YES;
				CLANG_WARN_ENUM_CONVERSION = YES;
				CLANG_WARN_INFINITE_RECURSION = YES;
				CLANG_WARN_INT_CONVERSION = YES;
				CLANG_WARN_OBJC_ROOT_CLASS = YES_ERROR;
				CLANG_WARN_SUSPICIOUS_MOVE = YES;
				CLANG_WARN_UNREACHABLE_CODE = YES;
				CLANG_WARN__DUPLICATE_METHOD_MATCH = YES;
				"CODE_SIGN_IDENTITY[sdk=iphoneos*]" = "iPhone Developer";
				COPY_PHASE_STRIP = NO;
				DEBUG_INFORMATION_FORMAT = dwarf;
				ENABLE_STRICT_OBJC_MSGSEND = YES;
				ENABLE_TESTABILITY = YES;
				GCC_C_LANGUAGE_STANDARD = gnu99;
				GCC_DYNAMIC_NO_PIC = NO;
				GCC_NO_COMMON_BLOCKS = YES;
				GCC_OPTIMIZATION_LEVEL = 0;
				GCC_PREPROCESSOR_DEFINITIONS = (
					"DEBUG=1",
					"$(inherited)",
				);
				GCC_WARN_64_TO_32_BIT_CONVERSION = YES;
				GCC_WARN_ABOUT_RETURN_TYPE = YES_ERROR;
				GCC_WARN_UNDECLARED_SELECTOR = YES;
				GCC_WARN_UNINITIALIZED_AUTOS = YES_AGGRESSIVE;
				GCC_WARN_UNUSED_FUNCTION = YES;
				GCC_WARN_UNUSED_VARIABLE = YES;
				IPHONEOS_DEPLOYMENT_TARGET = 10.2;
				MTL_ENABLE_DEBUG_INFO = YES;
				ONLY_ACTIVE_ARCH = YES;
				SDKROOT = iphoneos;
				SWIFT_ACTIVE_COMPILATION_CONDITIONS = DEBUG;
				SWIFT_OPTIMIZATION_LEVEL = "-Onone";
			};
			name = Debug;
		};
		FCE50C2A1E99891E00CE20A8 /* Release */ = {
			isa = XCBuildConfiguration;
			buildSettings = {
				ALWAYS_SEARCH_USER_PATHS = NO;
				CLANG_ANALYZER_NONNULL = YES;
				CLANG_CXX_LANGUAGE_STANDARD = "gnu++0x";
				CLANG_CXX_LIBRARY = "libc++";
				CLANG_ENABLE_MODULES = YES;
				CLANG_ENABLE_OBJC_ARC = YES;
				CLANG_WARN_BOOL_CONVERSION = YES;
				CLANG_WARN_CONSTANT_CONVERSION = YES;
				CLANG_WARN_DIRECT_OBJC_ISA_USAGE = YES_ERROR;
				CLANG_WARN_DOCUMENTATION_COMMENTS = YES;
				CLANG_WARN_EMPTY_BODY = YES;
				CLANG_WARN_ENUM_CONVERSION = YES;
				CLANG_WARN_INFINITE_RECURSION = YES;
				CLANG_WARN_INT_CONVERSION = YES;
				CLANG_WARN_OBJC_ROOT_CLASS = YES_ERROR;
				CLANG_WARN_SUSPICIOUS_MOVE = YES;
				CLANG_WARN_UNREACHABLE_CODE = YES;
				CLANG_WARN__DUPLICATE_METHOD_MATCH = YES;
				"CODE_SIGN_IDENTITY[sdk=iphoneos*]" = "iPhone Developer";
				COPY_PHASE_STRIP = NO;
				DEBUG_INFORMATION_FORMAT = "dwarf-with-dsym";
				ENABLE_NS_ASSERTIONS = NO;
				ENABLE_STRICT_OBJC_MSGSEND = YES;
				GCC_C_LANGUAGE_STANDARD = gnu99;
				GCC_NO_COMMON_BLOCKS = YES;
				GCC_WARN_64_TO_32_BIT_CONVERSION = YES;
				GCC_WARN_ABOUT_RETURN_TYPE = YES_ERROR;
				GCC_WARN_UNDECLARED_SELECTOR = YES;
				GCC_WARN_UNINITIALIZED_AUTOS = YES_AGGRESSIVE;
				GCC_WARN_UNUSED_FUNCTION = YES;
				GCC_WARN_UNUSED_VARIABLE = YES;
				IPHONEOS_DEPLOYMENT_TARGET = 10.2;
				MTL_ENABLE_DEBUG_INFO = NO;
				SDKROOT = iphoneos;
				SWIFT_OPTIMIZATION_LEVEL = "-Owholemodule";
				VALIDATE_PRODUCT = YES;
			};
			name = Release;
		};
		FCE50C2C1E99891E00CE20A8 /* Debug */ = {
			isa = XCBuildConfiguration;
			buildSettings = {
				ASSETCATALOG_COMPILER_APPICON_NAME = AppIcon;
				INFOPLIST_FILE = Stacked/Info.plist;
				LD_RUNPATH_SEARCH_PATHS = "$(inherited) @executable_path/Frameworks";
				PRODUCT_BUNDLE_IDENTIFIER = com.wordpress.stacked.Stacked;
				PRODUCT_NAME = "$(TARGET_NAME)";
				SWIFT_VERSION = 3.0;
			};
			name = Debug;
		};
		FCE50C2D1E99891E00CE20A8 /* Release */ = {
			isa = XCBuildConfiguration;
			buildSettings = {
				ASSETCATALOG_COMPILER_APPICON_NAME = AppIcon;
				INFOPLIST_FILE = Stacked/Info.plist;
				LD_RUNPATH_SEARCH_PATHS = "$(inherited) @executable_path/Frameworks";
				PRODUCT_BUNDLE_IDENTIFIER = com.wordpress.stacked.Stacked;
				PRODUCT_NAME = "$(TARGET_NAME)";
				SWIFT_VERSION = 3.0;
			};
			name = Release;
		};
		FCE50C2F1E99891E00CE20A8 /* Debug */ = {
			isa = XCBuildConfiguration;
			buildSettings = {
				ALWAYS_EMBED_SWIFT_STANDARD_LIBRARIES = YES;
				BUNDLE_LOADER = "$(TEST_HOST)";
				INFOPLIST_FILE = StackedTests/Info.plist;
				LD_RUNPATH_SEARCH_PATHS = "$(inherited) @executable_path/Frameworks @loader_path/Frameworks";
				PRODUCT_BUNDLE_IDENTIFIER = com.wordpress.stacked.StackedTests;
				PRODUCT_NAME = "$(TARGET_NAME)";
				SWIFT_VERSION = 3.0;
				TEST_HOST = "$(BUILT_PRODUCTS_DIR)/Stacked.app/Stacked";
			};
			name = Debug;
		};
		FCE50C301E99891E00CE20A8 /* Release */ = {
			isa = XCBuildConfiguration;
			buildSettings = {
				ALWAYS_EMBED_SWIFT_STANDARD_LIBRARIES = YES;
				BUNDLE_LOADER = "$(TEST_HOST)";
				INFOPLIST_FILE = StackedTests/Info.plist;
				LD_RUNPATH_SEARCH_PATHS = "$(inherited) @executable_path/Frameworks @loader_path/Frameworks";
				PRODUCT_BUNDLE_IDENTIFIER = com.wordpress.stacked.StackedTests;
				PRODUCT_NAME = "$(TARGET_NAME)";
				SWIFT_VERSION = 3.0;
				TEST_HOST = "$(BUILT_PRODUCTS_DIR)/Stacked.app/Stacked";
			};
			name = Release;
		};
		FCE50C321E99891E00CE20A8 /* Debug */ = {
			isa = XCBuildConfiguration;
			buildSettings = {
				ALWAYS_EMBED_SWIFT_STANDARD_LIBRARIES = YES;
				INFOPLIST_FILE = StackedUITests/Info.plist;
				LD_RUNPATH_SEARCH_PATHS = "$(inherited) @executable_path/Frameworks @loader_path/Frameworks";
				PRODUCT_BUNDLE_IDENTIFIER = com.wordpress.stacked.StackedUITests;
				PRODUCT_NAME = "$(TARGET_NAME)";
				SWIFT_VERSION = 3.0;
				TEST_TARGET_NAME = Stacked;
			};
			name = Debug;
		};
		FCE50C331E99891E00CE20A8 /* Release */ = {
			isa = XCBuildConfiguration;
			buildSettings = {
				ALWAYS_EMBED_SWIFT_STANDARD_LIBRARIES = YES;
				INFOPLIST_FILE = StackedUITests/Info.plist;
				LD_RUNPATH_SEARCH_PATHS = "$(inherited) @executable_path/Frameworks @loader_path/Frameworks";
				PRODUCT_BUNDLE_IDENTIFIER = com.wordpress.stacked.StackedUITests;
				PRODUCT_NAME = "$(TARGET_NAME)";
				SWIFT_VERSION = 3.0;
				TEST_TARGET_NAME = Stacked;
			};
			name = Release;
		};
/* End XCBuildConfiguration section */

/* Begin XCConfigurationList section */
		FCE50BFB1E99891E00CE20A8 /* Build configuration list for PBXProject "Stacked" */ = {
			isa = XCConfigurationList;
			buildConfigurations = (
				FCE50C291E99891E00CE20A8 /* Debug */,
				FCE50C2A1E99891E00CE20A8 /* Release */,
			);
			defaultConfigurationIsVisible = 0;
			defaultConfigurationName = Release;
		};
		FCE50C2B1E99891E00CE20A8 /* Build configuration list for PBXNativeTarget "Stacked" */ = {
			isa = XCConfigurationList;
			buildConfigurations = (
				FCE50C2C1E99891E00CE20A8 /* Debug */,
				FCE50C2D1E99891E00CE20A8 /* Release */,
			);
			defaultConfigurationIsVisible = 0;
		};
		FCE50C2E1E99891E00CE20A8 /* Build configuration list for PBXNativeTarget "StackedTests" */ = {
			isa = XCConfigurationList;
			buildConfigurations = (
				FCE50C2F1E99891E00CE20A8 /* Debug */,
				FCE50C301E99891E00CE20A8 /* Release */,
			);
			defaultConfigurationIsVisible = 0;
		};
		FCE50C311E99891E00CE20A8 /* Build configuration list for PBXNativeTarget "StackedUITests" */ = {
			isa = XCConfigurationList;
			buildConfigurations = (
				FCE50C321E99891E00CE20A8 /* Debug */,
				FCE50C331E99891E00CE20A8 /* Release */,
			);
			defaultConfigurationIsVisible = 0;
		};
/* End XCConfigurationList section */

/* Begin XCVersionGroup section */
		FCE50C0A1E99891E00CE20A8 /* Stacked.xcdatamodeld */ = {
			isa = XCVersionGroup;
			children = (
				FCE50C0B1E99891E00CE20A8 /* Stacked.xcdatamodel */,
			);
			currentVersion = FCE50C0B1E99891E00CE20A8 /* Stacked.xcdatamodel */;
			path = Stacked.xcdatamodeld;
			sourceTree = "<group>";
			versionGroupType = wrapper.xcdatamodel;
		};
/* End XCVersionGroup section */
	};
	rootObject = FCE50BF81E99891E00CE20A8 /* Project object */;
}
